
Microsoft Visual Studio Solution File, Format Version 12.00
# Visual Studio Version 17
VisualStudioVersion = 17.9.34607.119
MinimumVisualStudioVersion = 10.0.40219.1
Project("{FAE04EC0-301F-11D3-BF4B-00C04F79EFBC}") = "ECA_Addin", "ECA_Addin.csproj", "{3AC1F528-85A8-4103-8633-C2B82DECBE83}"
EndProject
Global
	GlobalSection(SolutionConfigurationPlatforms) = preSolution
		Debug|Any CPU = Debug|Any CPU
		Release|Any CPU = Release|Any CPU
	EndGlobalSection
	GlobalSection(ProjectConfigurationPlatforms) = postSolution
		{3AC1F528-85A8-4103-8633-C2B82DECBE83}.Debug|Any CPU.ActiveCfg = Debug|Any CPU
		{3AC1F528-85A8-4103-8633-C2B82DECBE83}.Debug|Any CPU.Build.0 = Debug|Any CPU
		{3AC1F528-85A8-4103-8633-C2B82DECBE83}.Release|Any CPU.ActiveCfg = Release|Any CPU
		{3AC1F528-85A8-4103-8633-C2B82DECBE83}.Release|Any CPU.Build.0 = Release|Any CPU
	EndGlobalSection
	GlobalSection(SolutionProperties) = preSolution
		HideSolutionNode = FALSE
	EndGlobalSection
	GlobalSection(ExtensibilityGlobals) = postSolution
		SolutionGuid = {2E418CBC-430F-43FC-964A-5C4D29158347}
	EndGlobalSection
EndGlobal
